
Microsoft Visual Studio Solution File, Format Version 12.00
# Visual Studio 15
VisualStudioVersion = 15.0.27428.2015
MinimumVisualStudioVersion = 10.0.40219.1
Project("{FAE04EC0-301F-11D3-BF4B-00C04F79EFBC}") = "Ass1", "Ass1\Ass1.csproj", "{F1CE23A4-78EE-40AB-BB28-3348E6FABC56}"
EndProject
Global
	GlobalSection(SolutionConfigurationPlatforms) = preSolution
		Debug|Any CPU = Debug|Any CPU
		Release|Any CPU = Release|Any CPU
	EndGlobalSection
	GlobalSection(ProjectConfigurationPlatforms) = postSolution
		{F1CE23A4-78EE-40AB-BB28-3348E6FABC56}.Debug|Any CPU.ActiveCfg = Debug|Any CPU
		{F1CE23A4-78EE-40AB-BB28-3348E6FABC56}.Debug|Any CPU.Build.0 = Debug|Any CPU
		{F1CE23A4-78EE-40AB-BB28-3348E6FABC56}.Release|Any CPU.ActiveCfg = Release|Any CPU
		{F1CE23A4-78EE-40AB-BB28-3348E6FABC56}.Release|Any CPU.Build.0 = Release|Any CPU
	EndGlobalSection
	GlobalSection(SolutionProperties) = preSolution
		HideSolutionNode = FALSE
	EndGlobalSection
	GlobalSection(ExtensibilityGlobals) = postSolution
		SolutionGuid = {EC7E0ED3-3101-4323-A2D0-B45851C578A2}
	EndGlobalSection
EndGlobal
